
Microsoft Visual Studio Solution File, Format Version 12.00
# Visual Studio Version 17
VisualStudioVersion = 17.2.32526.322
MinimumVisualStudioVersion = 10.0.40219.1
Project("{FAE04EC0-301F-11D3-BF4B-00C04F79EFBC}") = "TIC TAC TOE Project", "TIC TAC TOE Project\TIC TAC TOE Project.csproj", "{BFB269E4-56B2-4C0C-AC59-8980427EE006}"
EndProject
Global
	GlobalSection(SolutionConfigurationPlatforms) = preSolution
		Debug|Any CPU = Debug|Any CPU
		Release|Any CPU = Release|Any CPU
	EndGlobalSection
	GlobalSection(ProjectConfigurationPlatforms) = postSolution
		{BFB269E4-56B2-4C0C-AC59-8980427EE006}.Debug|Any CPU.ActiveCfg = Debug|Any CPU
		{BFB269E4-56B2-4C0C-AC59-8980427EE006}.Debug|Any CPU.Build.0 = Debug|Any CPU
		{BFB269E4-56B2-4C0C-AC59-8980427EE006}.Release|Any CPU.ActiveCfg = Release|Any CPU
		{BFB269E4-56B2-4C0C-AC59-8980427EE006}.Release|Any CPU.Build.0 = Release|Any CPU
	EndGlobalSection
	GlobalSection(SolutionProperties) = preSolution
		HideSolutionNode = FALSE
	EndGlobalSection
	GlobalSection(ExtensibilityGlobals) = postSolution
		SolutionGuid = {8F80616B-EB6E-427D-AC95-E02B46ED1C8C}
	EndGlobalSection
EndGlobal
